<?xml version="1.0" encoding="utf-8"?>
<Project ToolsVersion="4.0" xmlns="http://schemas.microsoft.com/developer/msbuild/2003">
  <ItemGroup>
    <Filter Include="DataBase">
      <UniqueIdentifier>{93995380-89BD-4b04-88EB-625FBE52EBFB}</UniqueIdentifier>
      <Extensions>h;hh;hpp;hxx;hm;inl;inc;xsd</Extensions>
    </Filter>
    <Filter Include="Header Files">
      <UniqueIdentifier>{4FC737F1-C7A5-4376-A066-2A32D752A2FF}</UniqueIdentifier>
      <Extensions>cpp;c;cc;cxx;def;odl;idl;hpj;bat;asm;asmx</Extensions>
    </Filter>
    <Filter Include="Source Files">
      <UniqueIdentifier>{67DA6AB6-F800-4c08-8B7A-83BB121AAD01}</UniqueIdentifier>
      <Extensions>rc;ico;cur;bmp;dlg;rc2;rct;bin;rgs;gif;jpg;jpeg;jpe;resx;tiff;tif;png;wav;mfcribbon-ms</Extensions>
    </Filter>
    <Filter Include="DataBase\Header Files">
      <UniqueIdentifier>{1ecf8f1d-3d30-4615-b4fe-ef1262412aca}</UniqueIdentifier>
    </Filter>
    <Filter Include="DataBase\Source Files">
      <UniqueIdentifier>{07fe51a6-2e64-451a-ae82-36e62b3b5b2a}</UniqueIdentifier>
    </Filter>
    <Filter Include="Thread">
      <UniqueIdentifier>{7213cc26-aa1b-41a6-a193-9057e6db793b}</UniqueIdentifier>
    </Filter>
    <Filter Include="Thread\Header Files">
      <UniqueIdentifier>{9118805c-c991-44d3-aa5c-5d24e9d7af4d}</UniqueIdentifier>
    </Filter>
    <Filter Include="Thread\Source Files">
      <UniqueIdentifier>{6f15662e-3d0b-4581-8336-0dd4c935882d}</UniqueIdentifier>
    </Filter>
  </ItemGroup>
  <ItemGroup>
    <ClCompile Include="..\main.cpp">
      <Filter>Source Files</Filter>
    </ClCompile>
    <ClCompile Include="..\mysql\MyBasicResults.cpp">
      <Filter>DataBase\Source Files</Filter>
    </ClCompile>
    <ClCompile Include="..\mysql\MyBoundResults.cpp">
      <Filter>DataBase\Source Files</Filter>
    </ClCompile>
    <ClCompile Include="..\mysql\MyDatabase.cpp">
      <Filter>DataBase\Source Files</Filter>
    </ClCompile>
    <ClCompile Include="..\mysql\MyDriver.cpp">
      <Filter>DataBase\Source Files</Filter>
    </ClCompile>
    <ClCompile Include="..\mysql\MyStatement.cpp">
      <Filter>DataBase\Source Files</Filter>
    </ClCompile>
  </ItemGroup>
  <ItemGroup>
    <ClInclude Include="..\IDBDriver.h">
      <Filter>DataBase</Filter>
    </ClInclude>
    <ClInclude Include="..\platform.h">
      <Filter>DataBase</Filter>
    </ClInclude>
    <ClInclude Include="..\mysql\MyBasicResults.h">
      <Filter>DataBase\Header Files</Filter>
    </ClInclude>
    <ClInclude Include="..\mysql\MyBoundResults.h">
      <Filter>DataBase\Header Files</Filter>
    </ClInclude>
    <ClInclude Include="..\mysql\MyDatabase.h">
      <Filter>DataBase\Header Files</Filter>
    </ClInclude>
    <ClInclude Include="..\mysql\MyDriver.h">
      <Filter>DataBase\Header Files</Filter>
    </ClInclude>
    <ClInclude Include="..\mysql\MyStatement.h">
      <Filter>DataBase\Header Files</Filter>
    </ClInclude>
  </ItemGroup>
</Project>